// !$*UTF8*$!
{
	archiveVersion = 1;
	classes = {
	};
	objectVersion = 70;
	objects = {

/* Begin PBXBuildFile section */
		6050AF422C42DAE70050A9FB /* ImageCache.swift in Sources */ = {isa = PBXBuildFile; fileRef = 6050AF412C42DAE70050A9FB /* ImageCache.swift */; };
		6050AF452C42DB650050A9FB /* ImageExt+.swift in Sources */ = {isa = PBXBuildFile; fileRef = 6050AF442C42DB650050A9FB /* ImageExt+.swift */; };
		6050AF492C42DC6A0050A9FB /* CurrencyTableViewCell.swift in Sources */ = {isa = PBXBuildFile; fileRef = 6050AF482C42DC6A0050A9FB /* CurrencyTableViewCell.swift */; };
		6050AF4B2C42DD3A0050A9FB /* Currency.swift in Sources */ = {isa = PBXBuildFile; fileRef = 6050AF4A2C42DD3A0050A9FB /* Currency.swift */; };
		6050AF4D2C43022F0050A9FB /* Constants.swift in Sources */ = {isa = PBXBuildFile; fileRef = 6050AF4C2C43022F0050A9FB /* Constants.swift */; };
		6050AF502C4893E20050A9FB /* TextFieldExt+.swift in Sources */ = {isa = PBXBuildFile; fileRef = 6050AF4F2C4893E20050A9FB /* TextFieldExt+.swift */; };
		6050AF522C49B4340050A9FB /* CustomDatePicker.swift in Sources */ = {isa = PBXBuildFile; fileRef = 6050AF512C49B4340050A9FB /* CustomDatePicker.swift */; };
		6050AF542C49B78B0050A9FB /* AddCardViewController.swift in Sources */ = {isa = PBXBuildFile; fileRef = 6050AF532C49B78B0050A9FB /* AddCardViewController.swift */; };
		60766CA02C38457000E67741 /* SendMoneyVC.swift in Sources */ = {isa = PBXBuildFile; fileRef = 60766C9F2C38457000E67741 /* SendMoneyVC.swift */; };
		60766CA32C39983100E67741 /* CardDetailViewController.swift in Sources */ = {isa = PBXBuildFile; fileRef = 60766CA22C39983100E67741 /* CardDetailViewController.swift */; };
		60766CA62C39988900E67741 /* HalfSizePresentationController.swift in Sources */ = {isa = PBXBuildFile; fileRef = 60766CA52C39988900E67741 /* HalfSizePresentationController.swift */; };
		60766CA92C39CBF200E67741 /* CardCollectionRollCell.swift in Sources */ = {isa = PBXBuildFile; fileRef = 60766CA82C39CBF200E67741 /* CardCollectionRollCell.swift */; };
		60766CAC2C39D44600E67741 /* TabBarsCustomButton.swift in Sources */ = {isa = PBXBuildFile; fileRef = 60766CAB2C39D44600E67741 /* TabBarsCustomButton.swift */; };
		60766CAE2C3AC15200E67741 /* CustomTextField.swift in Sources */ = {isa = PBXBuildFile; fileRef = 60766CAD2C3AC15200E67741 /* CustomTextField.swift */; };
		60766CB02C3AC18F00E67741 /* DismissButton.swift in Sources */ = {isa = PBXBuildFile; fileRef = 60766CAF2C3AC18F00E67741 /* DismissButton.swift */; };
		60766CB22C3AD6FC00E67741 /* CustomSpinnerView.swift in Sources */ = {isa = PBXBuildFile; fileRef = 60766CB12C3AD6FC00E67741 /* CustomSpinnerView.swift */; };
		60766CB82C41594300E67741 /* CurrencyViewController.swift in Sources */ = {isa = PBXBuildFile; fileRef = 60766CB72C41594300E67741 /* CurrencyViewController.swift */; };
		60766CBA2C41596A00E67741 /* CurrencyViewModel.swift in Sources */ = {isa = PBXBuildFile; fileRef = 60766CB92C41596A00E67741 /* CurrencyViewModel.swift */; };
		60E214442C2DAFD10054FDD3 /* AppDelegate.swift in Sources */ = {isa = PBXBuildFile; fileRef = 60E214432C2DAFD10054FDD3 /* AppDelegate.swift */; };
		60E214482C2DAFD10054FDD3 /* OnBoardingVC.swift in Sources */ = {isa = PBXBuildFile; fileRef = 60E214472C2DAFD10054FDD3 /* OnBoardingVC.swift */; };
		60E2144D2C2DAFD20054FDD3 /* Assets.xcassets in Resources */ = {isa = PBXBuildFile; fileRef = 60E2144C2C2DAFD20054FDD3 /* Assets.xcassets */; };
		60E214502C2DAFD20054FDD3 /* Base in Resources */ = {isa = PBXBuildFile; fileRef = 60E2144F2C2DAFD20054FDD3 /* Base */; };
		60E2145D2C2ECF130054FDD3 /* AppCoordinator.swift in Sources */ = {isa = PBXBuildFile; fileRef = 60E2145C2C2ECF130054FDD3 /* AppCoordinator.swift */; };
		60E2145F2C2ECF6D0054FDD3 /* RegisterView.swift in Sources */ = {isa = PBXBuildFile; fileRef = 60E2145E2C2ECF6D0054FDD3 /* RegisterView.swift */; };
		60E214612C2ECF840054FDD3 /* LoginView.swift in Sources */ = {isa = PBXBuildFile; fileRef = 60E214602C2ECF840054FDD3 /* LoginView.swift */; };
		60E214632C2ED0330054FDD3 /* Coordinator.swift in Sources */ = {isa = PBXBuildFile; fileRef = 60E214622C2ED0330054FDD3 /* Coordinator.swift */; };
		60E214682C2EFDB80054FDD3 /* OnBoardingPage.swift in Sources */ = {isa = PBXBuildFile; fileRef = 60E214672C2EFDB80054FDD3 /* OnBoardingPage.swift */; };
		60E2146B2C305B810054FDD3 /* CustomTextFieldView.swift in Sources */ = {isa = PBXBuildFile; fileRef = 60E2146A2C305B810054FDD3 /* CustomTextFieldView.swift */; };
		60E2146D2C305C000054FDD3 /* CustomSecureFieldView.swift in Sources */ = {isa = PBXBuildFile; fileRef = 60E2146C2C305C000054FDD3 /* CustomSecureFieldView.swift */; };
		60E2146F2C305C310054FDD3 /* CustomButtonView.swift in Sources */ = {isa = PBXBuildFile; fileRef = 60E2146E2C305C310054FDD3 /* CustomButtonView.swift */; };
		60E214732C30CD3D0054FDD3 /* CustomTextFieldWrapper.swift in Sources */ = {isa = PBXBuildFile; fileRef = 60E214722C30CD3D0054FDD3 /* CustomTextFieldWrapper.swift */; };
		60E214752C30CD5C0054FDD3 /* CustomSecureFieldWrapper.swift in Sources */ = {isa = PBXBuildFile; fileRef = 60E214742C30CD5C0054FDD3 /* CustomSecureFieldWrapper.swift */; };
		60E2147A2C30D0090054FDD3 /* RegisterViewModel.swift in Sources */ = {isa = PBXBuildFile; fileRef = 60E214792C30D0090054FDD3 /* RegisterViewModel.swift */; };
		60E2147C2C30D1390054FDD3 /* LoginViewModel.swift in Sources */ = {isa = PBXBuildFile; fileRef = 60E2147B2C30D1390054FDD3 /* LoginViewModel.swift */; };
		60E2147F2C30D72C0054FDD3 /* SimpleNetworking in Frameworks */ = {isa = PBXBuildFile; productRef = 60E2147E2C30D72C0054FDD3 /* SimpleNetworking */; };
		60E214812C30E0ED0054FDD3 /* TabBarController.swift in Sources */ = {isa = PBXBuildFile; fileRef = 60E214802C30E0ED0054FDD3 /* TabBarController.swift */; };
		60E214842C315EBB0054FDD3 /* GoogleService-Info.plist in Resources */ = {isa = PBXBuildFile; fileRef = 60E214832C315EBB0054FDD3 /* GoogleService-Info.plist */; };
		60E214882C3166BD0054FDD3 /* FirebaseAuth in Frameworks */ = {isa = PBXBuildFile; productRef = 60E214872C3166BD0054FDD3 /* FirebaseAuth */; };
		60E2148A2C3166C50054FDD3 /* FirebaseFirestore in Frameworks */ = {isa = PBXBuildFile; productRef = 60E214892C3166C50054FDD3 /* FirebaseFirestore */; };
		60E2148C2C3167100054FDD3 /* FirebaseAnalytics in Frameworks */ = {isa = PBXBuildFile; productRef = 60E2148B2C3167100054FDD3 /* FirebaseAnalytics */; };
		60E2148E2C3168100054FDD3 /* FirestoreService.swift in Sources */ = {isa = PBXBuildFile; fileRef = 60E2148D2C3168100054FDD3 /* FirestoreService.swift */; };
		60E214902C318BCA0054FDD3 /* HomeViewController.swift in Sources */ = {isa = PBXBuildFile; fileRef = 60E2148F2C318BCA0054FDD3 /* HomeViewController.swift */; };
		60E214942C3193BE0054FDD3 /* HomeViewModel.swift in Sources */ = {isa = PBXBuildFile; fileRef = 60E214932C3193BE0054FDD3 /* HomeViewModel.swift */; };
		60E214962C31967B0054FDD3 /* User.swift in Sources */ = {isa = PBXBuildFile; fileRef = 60E214952C31967B0054FDD3 /* User.swift */; };
		60E214992C3196A80054FDD3 /* Transaction.swift in Sources */ = {isa = PBXBuildFile; fileRef = 60E214982C3196A80054FDD3 /* Transaction.swift */; };
		60E2149C2C342B3F0054FDD3 /* CardCollectionViewCell.swift in Sources */ = {isa = PBXBuildFile; fileRef = 60E2149B2C342B3F0054FDD3 /* CardCollectionViewCell.swift */; };
		60E2149E2C342B600054FDD3 /* TransactionTableViewCell.swift in Sources */ = {isa = PBXBuildFile; fileRef = 60E2149D2C342B600054FDD3 /* TransactionTableViewCell.swift */; };
		60E214A02C342B7F0054FDD3 /* ContactCollectionViewCell.swift in Sources */ = {isa = PBXBuildFile; fileRef = 60E2149F2C342B7F0054FDD3 /* ContactCollectionViewCell.swift */; };
		60E214A42C3460B90054FDD3 /* CardCollectionRollView.swift in Sources */ = {isa = PBXBuildFile; fileRef = 60E214A32C3460B90054FDD3 /* CardCollectionRollView.swift */; };
		60E214A82C3461460054FDD3 /* HeaderLabel.swift in Sources */ = {isa = PBXBuildFile; fileRef = 60E214A72C3461460054FDD3 /* HeaderLabel.swift */; };
		60E214AA2C346E630054FDD3 /* TransactionTableView.swift in Sources */ = {isa = PBXBuildFile; fileRef = 60E214A92C346E630054FDD3 /* TransactionTableView.swift */; };
		60E214AC2C37299F0054FDD3 /* Contact.swift in Sources */ = {isa = PBXBuildFile; fileRef = 60E214AB2C37299F0054FDD3 /* Contact.swift */; };
		60E214AE2C38422A0054FDD3 /* CardsViewController.swift in Sources */ = {isa = PBXBuildFile; fileRef = 60E214AD2C38422A0054FDD3 /* CardsViewController.swift */; };
		60E214B12C3842680054FDD3 /* CardsViewModel.swift in Sources */ = {isa = PBXBuildFile; fileRef = 60E214B02C3842680054FDD3 /* CardsViewModel.swift */; };
/* End PBXBuildFile section */

/* Begin PBXContainerItemProxy section */
		7EBBE19B2D5950080015222B /* PBXContainerItemProxy */ = {
			isa = PBXContainerItemProxy;
			containerPortal = 60E214382C2DAFD10054FDD3 /* Project object */;
			proxyType = 1;
			remoteGlobalIDString = 60E2143F2C2DAFD10054FDD3;
			remoteInfo = EasyBank;
		};
/* End PBXContainerItemProxy section */

/* Begin PBXFileReference section */
		6050AF412C42DAE70050A9FB /* ImageCache.swift */ = {isa = PBXFileReference; lastKnownFileType = sourcecode.swift; path = ImageCache.swift; sourceTree = "<group>"; };
		6050AF442C42DB650050A9FB /* ImageExt+.swift */ = {isa = PBXFileReference; lastKnownFileType = sourcecode.swift; path = "ImageExt+.swift"; sourceTree = "<group>"; };
		6050AF482C42DC6A0050A9FB /* CurrencyTableViewCell.swift */ = {isa = PBXFileReference; lastKnownFileType = sourcecode.swift; path = CurrencyTableViewCell.swift; sourceTree = "<group>"; };
		6050AF4A2C42DD3A0050A9FB /* Currency.swift */ = {isa = PBXFileReference; lastKnownFileType = sourcecode.swift; path = Currency.swift; sourceTree = "<group>"; };
		6050AF4C2C43022F0050A9FB /* Constants.swift */ = {isa = PBXFileReference; lastKnownFileType = sourcecode.swift; path = Constants.swift; sourceTree = "<group>"; };
		6050AF4F2C4893E20050A9FB /* TextFieldExt+.swift */ = {isa = PBXFileReference; lastKnownFileType = sourcecode.swift; path = "TextFieldExt+.swift"; sourceTree = "<group>"; };
		6050AF512C49B4340050A9FB /* CustomDatePicker.swift */ = {isa = PBXFileReference; lastKnownFileType = sourcecode.swift; path = CustomDatePicker.swift; sourceTree = "<group>"; };
		6050AF532C49B78B0050A9FB /* AddCardViewController.swift */ = {isa = PBXFileReference; lastKnownFileType = sourcecode.swift; path = AddCardViewController.swift; sourceTree = "<group>"; };
		60766C9F2C38457000E67741 /* SendMoneyVC.swift */ = {isa = PBXFileReference; lastKnownFileType = sourcecode.swift; path = SendMoneyVC.swift; sourceTree = "<group>"; };
		60766CA22C39983100E67741 /* CardDetailViewController.swift */ = {isa = PBXFileReference; lastKnownFileType = sourcecode.swift; path = CardDetailViewController.swift; sourceTree = "<group>"; };
		60766CA52C39988900E67741 /* HalfSizePresentationController.swift */ = {isa = PBXFileReference; lastKnownFileType = sourcecode.swift; path = HalfSizePresentationController.swift; sourceTree = "<group>"; };
		60766CA82C39CBF200E67741 /* CardCollectionRollCell.swift */ = {isa = PBXFileReference; lastKnownFileType = sourcecode.swift; path = CardCollectionRollCell.swift; sourceTree = "<group>"; };
		60766CAB2C39D44600E67741 /* TabBarsCustomButton.swift */ = {isa = PBXFileReference; lastKnownFileType = sourcecode.swift; path = TabBarsCustomButton.swift; sourceTree = "<group>"; };
		60766CAD2C3AC15200E67741 /* CustomTextField.swift */ = {isa = PBXFileReference; lastKnownFileType = sourcecode.swift; path = CustomTextField.swift; sourceTree = "<group>"; };
		60766CAF2C3AC18F00E67741 /* DismissButton.swift */ = {isa = PBXFileReference; lastKnownFileType = sourcecode.swift; path = DismissButton.swift; sourceTree = "<group>"; };
		60766CB12C3AD6FC00E67741 /* CustomSpinnerView.swift */ = {isa = PBXFileReference; lastKnownFileType = sourcecode.swift; path = CustomSpinnerView.swift; sourceTree = "<group>"; };
		60766CB72C41594300E67741 /* CurrencyViewController.swift */ = {isa = PBXFileReference; lastKnownFileType = sourcecode.swift; path = CurrencyViewController.swift; sourceTree = "<group>"; };
		60766CB92C41596A00E67741 /* CurrencyViewModel.swift */ = {isa = PBXFileReference; lastKnownFileType = sourcecode.swift; path = CurrencyViewModel.swift; sourceTree = "<group>"; };
		60E214402C2DAFD10054FDD3 /* EasyBank.app */ = {isa = PBXFileReference; explicitFileType = wrapper.application; includeInIndex = 0; path = EasyBank.app; sourceTree = BUILT_PRODUCTS_DIR; };
		60E214432C2DAFD10054FDD3 /* AppDelegate.swift */ = {isa = PBXFileReference; lastKnownFileType = sourcecode.swift; path = AppDelegate.swift; sourceTree = "<group>"; };
		60E214472C2DAFD10054FDD3 /* OnBoardingVC.swift */ = {isa = PBXFileReference; lastKnownFileType = sourcecode.swift; path = OnBoardingVC.swift; sourceTree = "<group>"; };
		60E2144C2C2DAFD20054FDD3 /* Assets.xcassets */ = {isa = PBXFileReference; lastKnownFileType = folder.assetcatalog; path = Assets.xcassets; sourceTree = "<group>"; };
		60E2144F2C2DAFD20054FDD3 /* Base */ = {isa = PBXFileReference; lastKnownFileType = file.storyboard; name = Base; path = Base.lproj/LaunchScreen.storyboard; sourceTree = "<group>"; };
		60E214512C2DAFD20054FDD3 /* Info.plist */ = {isa = PBXFileReference; lastKnownFileType = text.plist.xml; path = Info.plist; sourceTree = "<group>"; };
		60E2145C2C2ECF130054FDD3 /* AppCoordinator.swift */ = {isa = PBXFileReference; lastKnownFileType = sourcecode.swift; path = AppCoordinator.swift; sourceTree = "<group>"; };
		60E2145E2C2ECF6D0054FDD3 /* RegisterView.swift */ = {isa = PBXFileReference; lastKnownFileType = sourcecode.swift; path = RegisterView.swift; sourceTree = "<group>"; };
		60E214602C2ECF840054FDD3 /* LoginView.swift */ = {isa = PBXFileReference; lastKnownFileType = sourcecode.swift; path = LoginView.swift; sourceTree = "<group>"; };
		60E214622C2ED0330054FDD3 /* Coordinator.swift */ = {isa = PBXFileReference; lastKnownFileType = sourcecode.swift; path = Coordinator.swift; sourceTree = "<group>"; };
		60E214672C2EFDB80054FDD3 /* OnBoardingPage.swift */ = {isa = PBXFileReference; lastKnownFileType = sourcecode.swift; path = OnBoardingPage.swift; sourceTree = "<group>"; };
		60E2146A2C305B810054FDD3 /* CustomTextFieldView.swift */ = {isa = PBXFileReference; lastKnownFileType = sourcecode.swift; path = CustomTextFieldView.swift; sourceTree = "<group>"; };
		60E2146C2C305C000054FDD3 /* CustomSecureFieldView.swift */ = {isa = PBXFileReference; lastKnownFileType = sourcecode.swift; path = CustomSecureFieldView.swift; sourceTree = "<group>"; };
		60E2146E2C305C310054FDD3 /* CustomButtonView.swift */ = {isa = PBXFileReference; lastKnownFileType = sourcecode.swift; path = CustomButtonView.swift; sourceTree = "<group>"; };
		60E214722C30CD3D0054FDD3 /* CustomTextFieldWrapper.swift */ = {isa = PBXFileReference; lastKnownFileType = sourcecode.swift; path = CustomTextFieldWrapper.swift; sourceTree = "<group>"; };
		60E214742C30CD5C0054FDD3 /* CustomSecureFieldWrapper.swift */ = {isa = PBXFileReference; lastKnownFileType = sourcecode.swift; path = CustomSecureFieldWrapper.swift; sourceTree = "<group>"; };
		60E214792C30D0090054FDD3 /* RegisterViewModel.swift */ = {isa = PBXFileReference; lastKnownFileType = sourcecode.swift; path = RegisterViewModel.swift; sourceTree = "<group>"; };
		60E2147B2C30D1390054FDD3 /* LoginViewModel.swift */ = {isa = PBXFileReference; lastKnownFileType = sourcecode.swift; path = LoginViewModel.swift; sourceTree = "<group>"; };
		60E214802C30E0ED0054FDD3 /* TabBarController.swift */ = {isa = PBXFileReference; lastKnownFileType = sourcecode.swift; path = TabBarController.swift; sourceTree = "<group>"; };
		60E214832C315EBB0054FDD3 /* GoogleService-Info.plist */ = {isa = PBXFileReference; fileEncoding = 4; lastKnownFileType = text.plist.xml; path = "GoogleService-Info.plist"; sourceTree = "<group>"; };
		60E2148D2C3168100054FDD3 /* FirestoreService.swift */ = {isa = PBXFileReference; lastKnownFileType = sourcecode.swift; path = FirestoreService.swift; sourceTree = "<group>"; };
		60E2148F2C318BCA0054FDD3 /* HomeViewController.swift */ = {isa = PBXFileReference; lastKnownFileType = sourcecode.swift; path = HomeViewController.swift; sourceTree = "<group>"; };
		60E214932C3193BE0054FDD3 /* HomeViewModel.swift */ = {isa = PBXFileReference; lastKnownFileType = sourcecode.swift; path = HomeViewModel.swift; sourceTree = "<group>"; };
		60E214952C31967B0054FDD3 /* User.swift */ = {isa = PBXFileReference; lastKnownFileType = sourcecode.swift; path = User.swift; sourceTree = "<group>"; };
		60E214982C3196A80054FDD3 /* Transaction.swift */ = {isa = PBXFileReference; lastKnownFileType = sourcecode.swift; path = Transaction.swift; sourceTree = "<group>"; };
		60E2149B2C342B3F0054FDD3 /* CardCollectionViewCell.swift */ = {isa = PBXFileReference; lastKnownFileType = sourcecode.swift; path = CardCollectionViewCell.swift; sourceTree = "<group>"; };
		60E2149D2C342B600054FDD3 /* TransactionTableViewCell.swift */ = {isa = PBXFileReference; lastKnownFileType = sourcecode.swift; path = TransactionTableViewCell.swift; sourceTree = "<group>"; };
		60E2149F2C342B7F0054FDD3 /* ContactCollectionViewCell.swift */ = {isa = PBXFileReference; lastKnownFileType = sourcecode.swift; path = ContactCollectionViewCell.swift; sourceTree = "<group>"; };
		60E214A32C3460B90054FDD3 /* CardCollectionRollView.swift */ = {isa = PBXFileReference; lastKnownFileType = sourcecode.swift; path = CardCollectionRollView.swift; sourceTree = "<group>"; };
		60E214A72C3461460054FDD3 /* HeaderLabel.swift */ = {isa = PBXFileReference; lastKnownFileType = sourcecode.swift; path = HeaderLabel.swift; sourceTree = "<group>"; };
		60E214A92C346E630054FDD3 /* TransactionTableView.swift */ = {isa = PBXFileReference; lastKnownFileType = sourcecode.swift; path = TransactionTableView.swift; sourceTree = "<group>"; };
		60E214AB2C37299F0054FDD3 /* Contact.swift */ = {isa = PBXFileReference; lastKnownFileType = sourcecode.swift; path = Contact.swift; sourceTree = "<group>"; };
		60E214AD2C38422A0054FDD3 /* CardsViewController.swift */ = {isa = PBXFileReference; lastKnownFileType = sourcecode.swift; path = CardsViewController.swift; sourceTree = "<group>"; };
		60E214B02C3842680054FDD3 /* CardsViewModel.swift */ = {isa = PBXFileReference; lastKnownFileType = sourcecode.swift; path = CardsViewModel.swift; sourceTree = "<group>"; };
		7EBBE1952D5950080015222B /* EasyBankUITests.xctest */ = {isa = PBXFileReference; explicitFileType = wrapper.cfbundle; includeInIndex = 0; path = EasyBankUITests.xctest; sourceTree = BUILT_PRODUCTS_DIR; };
/* End PBXFileReference section */

/* Begin PBXFileSystemSynchronizedRootGroup section */
		7EBBE1962D5950080015222B /* EasyBankUITests */ = {isa = PBXFileSystemSynchronizedRootGroup; explicitFileTypes = {}; explicitFolders = (); path = EasyBankUITests; sourceTree = "<group>"; };
/* End PBXFileSystemSynchronizedRootGroup section */

/* Begin PBXFrameworksBuildPhase section */
		60E2143D2C2DAFD10054FDD3 /* Frameworks */ = {
			isa = PBXFrameworksBuildPhase;
			buildActionMask = 2147483647;
			files = (
				60E2147F2C30D72C0054FDD3 /* SimpleNetworking in Frameworks */,
				60E214882C3166BD0054FDD3 /* FirebaseAuth in Frameworks */,
				60E2148C2C3167100054FDD3 /* FirebaseAnalytics in Frameworks */,
				60E2148A2C3166C50054FDD3 /* FirebaseFirestore in Frameworks */,
			);
			runOnlyForDeploymentPostprocessing = 0;
		};
		7EBBE1922D5950080015222B /* Frameworks */ = {
			isa = PBXFrameworksBuildPhase;
			buildActionMask = 2147483647;
			files = (
			);
			runOnlyForDeploymentPostprocessing = 0;
		};
/* End PBXFrameworksBuildPhase section */

/* Begin PBXGroup section */
		6050AF432C42DB010050A9FB /* Extras */ = {
			isa = PBXGroup;
			children = (
				6050AF412C42DAE70050A9FB /* ImageCache.swift */,
			);
			path = Extras;
			sourceTree = "<group>";
		};
		6050AF462C42DB790050A9FB /* Extensions */ = {
			isa = PBXGroup;
			children = (
				6050AF442C42DB650050A9FB /* ImageExt+.swift */,
				6050AF4F2C4893E20050A9FB /* TextFieldExt+.swift */,
			);
			path = Extensions;
			sourceTree = "<group>";
		};
		6050AF472C42DC480050A9FB /* CurrencyCells */ = {
			isa = PBXGroup;
			children = (
				6050AF482C42DC6A0050A9FB /* CurrencyTableViewCell.swift */,
			);
			path = CurrencyCells;
			sourceTree = "<group>";
		};
		6050AF4E2C4302490050A9FB /* Constants */ = {
			isa = PBXGroup;
			children = (
				6050AF4C2C43022F0050A9FB /* Constants.swift */,
			);
			path = Constants;
			sourceTree = "<group>";
		};
		6050AF552C49B7BE0050A9FB /* AddCardVC */ = {
			isa = PBXGroup;
			children = (
				6050AF532C49B78B0050A9FB /* AddCardViewController.swift */,
			);
			path = AddCardVC;
			sourceTree = "<group>";
		};
		60766CA12C387FE500E67741 /* SendVC */ = {
			isa = PBXGroup;
			children = (
				60766C9F2C38457000E67741 /* SendMoneyVC.swift */,
			);
			path = SendVC;
			sourceTree = "<group>";
		};
		60766CA42C39986A00E67741 /* ReusableComponents */ = {
			isa = PBXGroup;
			children = (
				60766CA52C39988900E67741 /* HalfSizePresentationController.swift */,
				60E214A92C346E630054FDD3 /* TransactionTableView.swift */,
				60E214A72C3461460054FDD3 /* HeaderLabel.swift */,
				60766CAB2C39D44600E67741 /* TabBarsCustomButton.swift */,
				60766CAD2C3AC15200E67741 /* CustomTextField.swift */,
				60766CAF2C3AC18F00E67741 /* DismissButton.swift */,
				6050AF512C49B4340050A9FB /* CustomDatePicker.swift */,
			);
			path = ReusableComponents;
			sourceTree = "<group>";
		};
		60766CA72C39CBD200E67741 /* CardCells */ = {
			isa = PBXGroup;
			children = (
				60766CA82C39CBF200E67741 /* CardCollectionRollCell.swift */,
			);
			path = CardCells;
			sourceTree = "<group>";
		};
		60766CAA2C39D10D00E67741 /* DetailsCardVC */ = {
			isa = PBXGroup;
			children = (
				60766CA22C39983100E67741 /* CardDetailViewController.swift */,
			);
			path = DetailsCardVC;
			sourceTree = "<group>";
		};
		60766CB32C3B0B5600E67741 /* Loader */ = {
			isa = PBXGroup;
			children = (
				60766CB12C3AD6FC00E67741 /* CustomSpinnerView.swift */,
			);
			path = Loader;
			sourceTree = "<group>";
		};
		60766CB42C405B1300E67741 /* Managers */ = {
			isa = PBXGroup;
			children = (
				60E2145B2C2ECEE60054FDD3 /* Coordinators */,
				60E214912C318BF30054FDD3 /* Services */,
			);
			path = Managers;
			sourceTree = "<group>";
		};
		60766CB52C405B4200E67741 /* ReusableCells */ = {
			isa = PBXGroup;
			children = (
				60E2149D2C342B600054FDD3 /* TransactionTableViewCell.swift */,
			);
			path = ReusableCells;
			sourceTree = "<group>";
		};
		60766CB62C41590600E67741 /* CurrencyVC */ = {
			isa = PBXGroup;
			children = (
				60766CB72C41594300E67741 /* CurrencyViewController.swift */,
				60766CB92C41596A00E67741 /* CurrencyViewModel.swift */,
				6050AF472C42DC480050A9FB /* CurrencyCells */,
			);
			path = CurrencyVC;
			sourceTree = "<group>";
		};
		60E214372C2DAFD10054FDD3 = {
			isa = PBXGroup;
			children = (
				60E214422C2DAFD10054FDD3 /* EasyBank */,
				7EBBE1962D5950080015222B /* EasyBankUITests */,
				60E214412C2DAFD10054FDD3 /* Products */,
				60E214862C3166BD0054FDD3 /* Frameworks */,
			);
			sourceTree = "<group>";
		};
		60E214412C2DAFD10054FDD3 /* Products */ = {
			isa = PBXGroup;
			children = (
				60E214402C2DAFD10054FDD3 /* EasyBank.app */,
				7EBBE1952D5950080015222B /* EasyBankUITests.xctest */,
			);
			name = Products;
			sourceTree = "<group>";
		};
		60E214422C2DAFD10054FDD3 /* EasyBank */ = {
			isa = PBXGroup;
			children = (
				60E214592C2DB3CF0054FDD3 /* App */,
				60766CB42C405B1300E67741 /* Managers */,
				60E214972C3196800054FDD3 /* Model */,
				6050AF432C42DB010050A9FB /* Extras */,
				6050AF462C42DB790050A9FB /* Extensions */,
				6050AF4E2C4302490050A9FB /* Constants */,
				60E2145A2C2DB3DC0054FDD3 /* Scene */,
				60E214572C2DB39F0054FDD3 /* Resources */,
				60E214582C2DB3AE0054FDD3 /* SupportingFiles */,
				60E214832C315EBB0054FDD3 /* GoogleService-Info.plist */,
			);
			path = EasyBank;
			sourceTree = "<group>";
		};
		60E214572C2DB39F0054FDD3 /* Resources */ = {
			isa = PBXGroup;
			children = (
				60E2144C2C2DAFD20054FDD3 /* Assets.xcassets */,
			);
			path = Resources;
			sourceTree = "<group>";
		};
		60E214582C2DB3AE0054FDD3 /* SupportingFiles */ = {
			isa = PBXGroup;
			children = (
				60E2144E2C2DAFD20054FDD3 /* LaunchScreen.storyboard */,
				60E214512C2DAFD20054FDD3 /* Info.plist */,
			);
			path = SupportingFiles;
			sourceTree = "<group>";
		};
		60E214592C2DB3CF0054FDD3 /* App */ = {
			isa = PBXGroup;
			children = (
				60E214432C2DAFD10054FDD3 /* AppDelegate.swift */,
			);
			path = App;
			sourceTree = "<group>";
		};
		60E2145A2C2DB3DC0054FDD3 /* Scene */ = {
			isa = PBXGroup;
			children = (
				60E214642C2ED25A0054FDD3 /* ViewControllers */,
				60E214652C2ED2650054FDD3 /* SwiftUIViews */,
			);
			path = Scene;
			sourceTree = "<group>";
		};
		60E2145B2C2ECEE60054FDD3 /* Coordinators */ = {
			isa = PBXGroup;
			children = (
				60E214622C2ED0330054FDD3 /* Coordinator.swift */,
				60E2145C2C2ECF130054FDD3 /* AppCoordinator.swift */,
			);
			path = Coordinators;
			sourceTree = "<group>";
		};
		60E214642C2ED25A0054FDD3 /* ViewControllers */ = {
			isa = PBXGroup;
			children = (
				60E214662C2EFC940054FDD3 /* OnBoarding */,
				60E214822C30E0F20054FDD3 /* TabBar */,
			);
			path = ViewControllers;
			sourceTree = "<group>";
		};
		60E214652C2ED2650054FDD3 /* SwiftUIViews */ = {
			isa = PBXGroup;
			children = (
				60E214692C305B3D0054FDD3 /* ReusableViews */,
				60E214702C305C840054FDD3 /* Register */,
				60E214712C305CA40054FDD3 /* Login */,
			);
			path = SwiftUIViews;
			sourceTree = "<group>";
		};
		60E214662C2EFC940054FDD3 /* OnBoarding */ = {
			isa = PBXGroup;
			children = (
				60E214472C2DAFD10054FDD3 /* OnBoardingVC.swift */,
				60E214672C2EFDB80054FDD3 /* OnBoardingPage.swift */,
			);
			path = OnBoarding;
			sourceTree = "<group>";
		};
		60E214692C305B3D0054FDD3 /* ReusableViews */ = {
			isa = PBXGroup;
			children = (
				60E214762C30CD8F0054FDD3 /* TextField */,
				60E214772C30CDA60054FDD3 /* SecureField */,
				60E214782C30CDB00054FDD3 /* Button */,
				60766CB32C3B0B5600E67741 /* Loader */,
			);
			path = ReusableViews;
			sourceTree = "<group>";
		};
		60E214702C305C840054FDD3 /* Register */ = {
			isa = PBXGroup;
			children = (
				60E2145E2C2ECF6D0054FDD3 /* RegisterView.swift */,
				60E214792C30D0090054FDD3 /* RegisterViewModel.swift */,
			);
			path = Register;
			sourceTree = "<group>";
		};
		60E214712C305CA40054FDD3 /* Login */ = {
			isa = PBXGroup;
			children = (
				60E214602C2ECF840054FDD3 /* LoginView.swift */,
				60E2147B2C30D1390054FDD3 /* LoginViewModel.swift */,
			);
			path = Login;
			sourceTree = "<group>";
		};
		60E214762C30CD8F0054FDD3 /* TextField */ = {
			isa = PBXGroup;
			children = (
				60E2146A2C305B810054FDD3 /* CustomTextFieldView.swift */,
				60E214722C30CD3D0054FDD3 /* CustomTextFieldWrapper.swift */,
			);
			path = TextField;
			sourceTree = "<group>";
		};
		60E214772C30CDA60054FDD3 /* SecureField */ = {
			isa = PBXGroup;
			children = (
				60E2146C2C305C000054FDD3 /* CustomSecureFieldView.swift */,
				60E214742C30CD5C0054FDD3 /* CustomSecureFieldWrapper.swift */,
			);
			path = SecureField;
			sourceTree = "<group>";
		};
		60E214782C30CDB00054FDD3 /* Button */ = {
			isa = PBXGroup;
			children = (
				60E2146E2C305C310054FDD3 /* CustomButtonView.swift */,
			);
			path = Button;
			sourceTree = "<group>";
		};
		60E214822C30E0F20054FDD3 /* TabBar */ = {
			isa = PBXGroup;
			children = (
				60E214802C30E0ED0054FDD3 /* TabBarController.swift */,
				60766CB52C405B4200E67741 /* ReusableCells */,
				60766CA42C39986A00E67741 /* ReusableComponents */,
				60E214922C3193A80054FDD3 /* HomeVC */,
				60E214AF2C3842300054FDD3 /* CardsVC */,
				60766CB62C41590600E67741 /* CurrencyVC */,
			);
			path = TabBar;
			sourceTree = "<group>";
		};
		60E214862C3166BD0054FDD3 /* Frameworks */ = {
			isa = PBXGroup;
			children = (
			);
			name = Frameworks;
			sourceTree = "<group>";
		};
		60E214912C318BF30054FDD3 /* Services */ = {
			isa = PBXGroup;
			children = (
				60E2148D2C3168100054FDD3 /* FirestoreService.swift */,
			);
			path = Services;
			sourceTree = "<group>";
		};
		60E214922C3193A80054FDD3 /* HomeVC */ = {
			isa = PBXGroup;
			children = (
				60E2148F2C318BCA0054FDD3 /* HomeViewController.swift */,
				60E214932C3193BE0054FDD3 /* HomeViewModel.swift */,
				60766CA12C387FE500E67741 /* SendVC */,
				60E214A12C342B900054FDD3 /* HomeCells */,
			);
			path = HomeVC;
			sourceTree = "<group>";
		};
		60E214972C3196800054FDD3 /* Model */ = {
			isa = PBXGroup;
			children = (
				60E214952C31967B0054FDD3 /* User.swift */,
				60E214982C3196A80054FDD3 /* Transaction.swift */,
				60E214AB2C37299F0054FDD3 /* Contact.swift */,
				6050AF4A2C42DD3A0050A9FB /* Currency.swift */,
			);
			path = Model;
			sourceTree = "<group>";
		};
		60E214A12C342B900054FDD3 /* HomeCells */ = {
			isa = PBXGroup;
			children = (
				60E2149B2C342B3F0054FDD3 /* CardCollectionViewCell.swift */,
				60E2149F2C342B7F0054FDD3 /* ContactCollectionViewCell.swift */,
			);
			path = HomeCells;
			sourceTree = "<group>";
		};
		60E214AF2C3842300054FDD3 /* CardsVC */ = {
			isa = PBXGroup;
			children = (
				60E214AD2C38422A0054FDD3 /* CardsViewController.swift */,
				60E214B02C3842680054FDD3 /* CardsViewModel.swift */,
				60E214A32C3460B90054FDD3 /* CardCollectionRollView.swift */,
				6050AF552C49B7BE0050A9FB /* AddCardVC */,
				60766CAA2C39D10D00E67741 /* DetailsCardVC */,
				60766CA72C39CBD200E67741 /* CardCells */,
			);
			path = CardsVC;
			sourceTree = "<group>";
		};
/* End PBXGroup section */

/* Begin PBXNativeTarget section */
		60E2143F2C2DAFD10054FDD3 /* EasyBank */ = {
			isa = PBXNativeTarget;
			buildConfigurationList = 60E214542C2DAFD20054FDD3 /* Build configuration list for PBXNativeTarget "EasyBank" */;
			buildPhases = (
				60E2143C2C2DAFD10054FDD3 /* Sources */,
				60E2143D2C2DAFD10054FDD3 /* Frameworks */,
				60E2143E2C2DAFD10054FDD3 /* Resources */,
			);
			buildRules = (
			);
			dependencies = (
			);
			name = EasyBank;
			packageProductDependencies = (
				60E2147E2C30D72C0054FDD3 /* SimpleNetworking */,
				60E214872C3166BD0054FDD3 /* FirebaseAuth */,
				60E214892C3166C50054FDD3 /* FirebaseFirestore */,
				60E2148B2C3167100054FDD3 /* FirebaseAnalytics */,
			);
			productName = EasyBank;
			productReference = 60E214402C2DAFD10054FDD3 /* EasyBank.app */;
			productType = "com.apple.product-type.application";
		};
		7EBBE1942D5950080015222B /* EasyBankUITests */ = {
			isa = PBXNativeTarget;
			buildConfigurationList = 7EBBE19D2D5950080015222B /* Build configuration list for PBXNativeTarget "EasyBankUITests" */;
			buildPhases = (
				7EBBE1912D5950080015222B /* Sources */,
				7EBBE1922D5950080015222B /* Frameworks */,
				7EBBE1932D5950080015222B /* Resources */,
			);
			buildRules = (
			);
			dependencies = (
				7EBBE19C2D5950080015222B /* PBXTargetDependency */,
			);
			fileSystemSynchronizedGroups = (
				7EBBE1962D5950080015222B /* EasyBankUITests */,
			);
			name = EasyBankUITests;
			packageProductDependencies = (
			);
			productName = EasyBankUITests;
			productReference = 7EBBE1952D5950080015222B /* EasyBankUITests.xctest */;
			productType = "com.apple.product-type.bundle.ui-testing";
		};
/* End PBXNativeTarget section */

/* Begin PBXProject section */
		60E214382C2DAFD10054FDD3 /* Project object */ = {
			isa = PBXProject;
			attributes = {
				BuildIndependentTargetsInParallel = 1;
				LastSwiftUpdateCheck = 1620;
				LastUpgradeCheck = 1540;
				TargetAttributes = {
					60E2143F2C2DAFD10054FDD3 = {
						CreatedOnToolsVersion = 15.4;
					};
					7EBBE1942D5950080015222B = {
						CreatedOnToolsVersion = 16.2;
						TestTargetID = 60E2143F2C2DAFD10054FDD3;
					};
				};
			};
			buildConfigurationList = 60E2143B2C2DAFD10054FDD3 /* Build configuration list for PBXProject "EasyBank" */;
			compatibilityVersion = "Xcode 14.0";
			developmentRegion = en;
			hasScannedForEncodings = 0;
			knownRegions = (
				en,
				Base,
			);
			mainGroup = 60E214372C2DAFD10054FDD3;
			packageReferences = (
				60E2147D2C30D72C0054FDD3 /* XCRemoteSwiftPackageReference "SimpleNetworking" */,
				60E214852C3163B90054FDD3 /* XCRemoteSwiftPackageReference "firebase-ios-sdk" */,
			);
			productRefGroup = 60E214412C2DAFD10054FDD3 /* Products */;
			projectDirPath = "";
			projectRoot = "";
			targets = (
				60E2143F2C2DAFD10054FDD3 /* EasyBank */,
				7EBBE1942D5950080015222B /* EasyBankUITests */,
			);
		};
/* End PBXProject section */

/* Begin PBXResourcesBuildPhase section */
		60E2143E2C2DAFD10054FDD3 /* Resources */ = {
			isa = PBXResourcesBuildPhase;
			buildActionMask = 2147483647;
			files = (
				60E2144D2C2DAFD20054FDD3 /* Assets.xcassets in Resources */,
				60E214842C315EBB0054FDD3 /* GoogleService-Info.plist in Resources */,
				60E214502C2DAFD20054FDD3 /* Base in Resources */,
			);
			runOnlyForDeploymentPostprocessing = 0;
		};
		7EBBE1932D5950080015222B /* Resources */ = {
			isa = PBXResourcesBuildPhase;
			buildActionMask = 2147483647;
			files = (
			);
			runOnlyForDeploymentPostprocessing = 0;
		};
/* End PBXResourcesBuildPhase section */

/* Begin PBXSourcesBuildPhase section */
		60E2143C2C2DAFD10054FDD3 /* Sources */ = {
			isa = PBXSourcesBuildPhase;
			buildActionMask = 2147483647;
			files = (
				60766CB02C3AC18F00E67741 /* DismissButton.swift in Sources */,
				60E214482C2DAFD10054FDD3 /* OnBoardingVC.swift in Sources */,
				60E214942C3193BE0054FDD3 /* HomeViewModel.swift in Sources */,
				60E2145F2C2ECF6D0054FDD3 /* RegisterView.swift in Sources */,
				60766CB22C3AD6FC00E67741 /* CustomSpinnerView.swift in Sources */,
				60E214A82C3461460054FDD3 /* HeaderLabel.swift in Sources */,
				60766CA32C39983100E67741 /* CardDetailViewController.swift in Sources */,
				60766CAC2C39D44600E67741 /* TabBarsCustomButton.swift in Sources */,
				6050AF502C4893E20050A9FB /* TextFieldExt+.swift in Sources */,
				60E214632C2ED0330054FDD3 /* Coordinator.swift in Sources */,
				60766CAE2C3AC15200E67741 /* CustomTextField.swift in Sources */,
				6050AF422C42DAE70050A9FB /* ImageCache.swift in Sources */,
				60766CBA2C41596A00E67741 /* CurrencyViewModel.swift in Sources */,
				60766CA62C39988900E67741 /* HalfSizePresentationController.swift in Sources */,
				60E214A42C3460B90054FDD3 /* CardCollectionRollView.swift in Sources */,
				6050AF4B2C42DD3A0050A9FB /* Currency.swift in Sources */,
				60766CA02C38457000E67741 /* SendMoneyVC.swift in Sources */,
				60E2149C2C342B3F0054FDD3 /* CardCollectionViewCell.swift in Sources */,
				6050AF522C49B4340050A9FB /* CustomDatePicker.swift in Sources */,
				6050AF4D2C43022F0050A9FB /* Constants.swift in Sources */,
				60E214902C318BCA0054FDD3 /* HomeViewController.swift in Sources */,
				60E214AA2C346E630054FDD3 /* TransactionTableView.swift in Sources */,
				60E214812C30E0ED0054FDD3 /* TabBarController.swift in Sources */,
				60E214AE2C38422A0054FDD3 /* CardsViewController.swift in Sources */,
				60E2146B2C305B810054FDD3 /* CustomTextFieldView.swift in Sources */,
				60E2148E2C3168100054FDD3 /* FirestoreService.swift in Sources */,
				60E2145D2C2ECF130054FDD3 /* AppCoordinator.swift in Sources */,
				60766CB82C41594300E67741 /* CurrencyViewController.swift in Sources */,
				60E2146F2C305C310054FDD3 /* CustomButtonView.swift in Sources */,
				60E2147C2C30D1390054FDD3 /* LoginViewModel.swift in Sources */,
				60E2149E2C342B600054FDD3 /* TransactionTableViewCell.swift in Sources */,
				60E214A02C342B7F0054FDD3 /* ContactCollectionViewCell.swift in Sources */,
				6050AF542C49B78B0050A9FB /* AddCardViewController.swift in Sources */,
				6050AF492C42DC6A0050A9FB /* CurrencyTableViewCell.swift in Sources */,
				60E214732C30CD3D0054FDD3 /* CustomTextFieldWrapper.swift in Sources */,
				60E2146D2C305C000054FDD3 /* CustomSecureFieldView.swift in Sources */,
				60E214AC2C37299F0054FDD3 /* Contact.swift in Sources */,
				60E2147A2C30D0090054FDD3 /* RegisterViewModel.swift in Sources */,
				60E214B12C3842680054FDD3 /* CardsViewModel.swift in Sources */,
				60E214992C3196A80054FDD3 /* Transaction.swift in Sources */,
				60E214752C30CD5C0054FDD3 /* CustomSecureFieldWrapper.swift in Sources */,
				60E214612C2ECF840054FDD3 /* LoginView.swift in Sources */,
				6050AF452C42DB650050A9FB /* ImageExt+.swift in Sources */,
				60766CA92C39CBF200E67741 /* CardCollectionRollCell.swift in Sources */,
				60E214442C2DAFD10054FDD3 /* AppDelegate.swift in Sources */,
				60E214682C2EFDB80054FDD3 /* OnBoardingPage.swift in Sources */,
				60E214962C31967B0054FDD3 /* User.swift in Sources */,
			);
			runOnlyForDeploymentPostprocessing = 0;
		};
		7EBBE1912D5950080015222B /* Sources */ = {
			isa = PBXSourcesBuildPhase;
			buildActionMask = 2147483647;
			files = (
			);
			runOnlyForDeploymentPostprocessing = 0;
		};
/* End PBXSourcesBuildPhase section */

/* Begin PBXTargetDependency section */
		7EBBE19C2D5950080015222B /* PBXTargetDependency */ = {
			isa = PBXTargetDependency;
			target = 60E2143F2C2DAFD10054FDD3 /* EasyBank */;
			targetProxy = 7EBBE19B2D5950080015222B /* PBXContainerItemProxy */;
		};
/* End PBXTargetDependency section */

/* Begin PBXVariantGroup section */
		60E2144E2C2DAFD20054FDD3 /* LaunchScreen.storyboard */ = {
			isa = PBXVariantGroup;
			children = (
				60E2144F2C2DAFD20054FDD3 /* Base */,
			);
			name = LaunchScreen.storyboard;
			sourceTree = "<group>";
		};
/* End PBXVariantGroup section */

/* Begin XCBuildConfiguration section */
		60E214522C2DAFD20054FDD3 /* Debug */ = {
			isa = XCBuildConfiguration;
			buildSettings = {
				ALWAYS_SEARCH_USER_PATHS = NO;
				ASSETCATALOG_COMPILER_GENERATE_SWIFT_ASSET_SYMBOL_EXTENSIONS = YES;
				CLANG_ANALYZER_NONNULL = YES;
				CLANG_ANALYZER_NUMBER_OBJECT_CONVERSION = YES_AGGRESSIVE;
				CLANG_CXX_LANGUAGE_STANDARD = "gnu++20";
				CLANG_ENABLE_MODULES = YES;
				CLANG_ENABLE_OBJC_ARC = YES;
				CLANG_ENABLE_OBJC_WEAK = YES;
				CLANG_WARN_BLOCK_CAPTURE_AUTORELEASING = YES;
				CLANG_WARN_BOOL_CONVERSION = YES;
				CLANG_WARN_COMMA = YES;
				CLANG_WARN_CONSTANT_CONVERSION = YES;
				CLANG_WARN_DEPRECATED_OBJC_IMPLEMENTATIONS = YES;
				CLANG_WARN_DIRECT_OBJC_ISA_USAGE = YES_ERROR;
				CLANG_WARN_DOCUMENTATION_COMMENTS = YES;
				CLANG_WARN_EMPTY_BODY = YES;
				CLANG_WARN_ENUM_CONVERSION = YES;
				CLANG_WARN_INFINITE_RECURSION = YES;
				CLANG_WARN_INT_CONVERSION = YES;
				CLANG_WARN_NON_LITERAL_NULL_CONVERSION = YES;
				CLANG_WARN_OBJC_IMPLICIT_RETAIN_SELF = YES;
				CLANG_WARN_OBJC_LITERAL_CONVERSION = YES;
				CLANG_WARN_OBJC_ROOT_CLASS = YES_ERROR;
				CLANG_WARN_QUOTED_INCLUDE_IN_FRAMEWORK_HEADER = YES;
				CLANG_WARN_RANGE_LOOP_ANALYSIS = YES;
				CLANG_WARN_STRICT_PROTOTYPES = YES;
				CLANG_WARN_SUSPICIOUS_MOVE = YES;
				CLANG_WARN_UNGUARDED_AVAILABILITY = YES_AGGRESSIVE;
				CLANG_WARN_UNREACHABLE_CODE = YES;
				CLANG_WARN__DUPLICATE_METHOD_MATCH = YES;
				COPY_PHASE_STRIP = NO;
				DEBUG_INFORMATION_FORMAT = dwarf;
				ENABLE_STRICT_OBJC_MSGSEND = YES;
				ENABLE_TESTABILITY = YES;
				ENABLE_USER_SCRIPT_SANDBOXING = YES;
				GCC_C_LANGUAGE_STANDARD = gnu17;
				GCC_DYNAMIC_NO_PIC = NO;
				GCC_NO_COMMON_BLOCKS = YES;
				GCC_OPTIMIZATION_LEVEL = 0;
				GCC_PREPROCESSOR_DEFINITIONS = (
					"DEBUG=1",
					"$(inherited)",
				);
				GCC_WARN_64_TO_32_BIT_CONVERSION = YES;
				GCC_WARN_ABOUT_RETURN_TYPE = YES_ERROR;
				GCC_WARN_UNDECLARED_SELECTOR = YES;
				GCC_WARN_UNINITIALIZED_AUTOS = YES_AGGRESSIVE;
				GCC_WARN_UNUSED_FUNCTION = YES;
				GCC_WARN_UNUSED_VARIABLE = YES;
				IPHONEOS_DEPLOYMENT_TARGET = 17.5;
				LOCALIZATION_PREFERS_STRING_CATALOGS = YES;
				MTL_ENABLE_DEBUG_INFO = INCLUDE_SOURCE;
				MTL_FAST_MATH = YES;
				ONLY_ACTIVE_ARCH = YES;
				SDKROOT = iphoneos;
				SWIFT_ACTIVE_COMPILATION_CONDITIONS = "DEBUG $(inherited)";
				SWIFT_OPTIMIZATION_LEVEL = "-Onone";
			};
			name = Debug;
		};
		60E214532C2DAFD20054FDD3 /* Release */ = {
			isa = XCBuildConfiguration;
			buildSettings = {
				ALWAYS_SEARCH_USER_PATHS = NO;
				ASSETCATALOG_COMPILER_GENERATE_SWIFT_ASSET_SYMBOL_EXTENSIONS = YES;
				CLANG_ANALYZER_NONNULL = YES;
				CLANG_ANALYZER_NUMBER_OBJECT_CONVERSION = YES_AGGRESSIVE;
				CLANG_CXX_LANGUAGE_STANDARD = "gnu++20";
				CLANG_ENABLE_MODULES = YES;
				CLANG_ENABLE_OBJC_ARC = YES;
				CLANG_ENABLE_OBJC_WEAK = YES;
				CLANG_WARN_BLOCK_CAPTURE_AUTORELEASING = YES;
				CLANG_WARN_BOOL_CONVERSION = YES;
				CLANG_WARN_COMMA = YES;
				CLANG_WARN_CONSTANT_CONVERSION = YES;
				CLANG_WARN_DEPRECATED_OBJC_IMPLEMENTATIONS = YES;
				CLANG_WARN_DIRECT_OBJC_ISA_USAGE = YES_ERROR;
				CLANG_WARN_DOCUMENTATION_COMMENTS = YES;
				CLANG_WARN_EMPTY_BODY = YES;
				CLANG_WARN_ENUM_CONVERSION = YES;
				CLANG_WARN_INFINITE_RECURSION = YES;
				CLANG_WARN_INT_CONVERSION = YES;
				CLANG_WARN_NON_LITERAL_NULL_CONVERSION = YES;
				CLANG_WARN_OBJC_IMPLICIT_RETAIN_SELF = YES;
				CLANG_WARN_OBJC_LITERAL_CONVERSION = YES;
				CLANG_WARN_OBJC_ROOT_CLASS = YES_ERROR;
				CLANG_WARN_QUOTED_INCLUDE_IN_FRAMEWORK_HEADER = YES;
				CLANG_WARN_RANGE_LOOP_ANALYSIS = YES;
				CLANG_WARN_STRICT_PROTOTYPES = YES;
				CLANG_WARN_SUSPICIOUS_MOVE = YES;
				CLANG_WARN_UNGUARDED_AVAILABILITY = YES_AGGRESSIVE;
				CLANG_WARN_UNREACHABLE_CODE = YES;
				CLANG_WARN__DUPLICATE_METHOD_MATCH = YES;
				COPY_PHASE_STRIP = NO;
				DEBUG_INFORMATION_FORMAT = "dwarf-with-dsym";
				ENABLE_NS_ASSERTIONS = NO;
				ENABLE_STRICT_OBJC_MSGSEND = YES;
				ENABLE_USER_SCRIPT_SANDBOXING = YES;
				GCC_C_LANGUAGE_STANDARD = gnu17;
				GCC_NO_COMMON_BLOCKS = YES;
				GCC_WARN_64_TO_32_BIT_CONVERSION = YES;
				GCC_WARN_ABOUT_RETURN_TYPE = YES_ERROR;
				GCC_WARN_UNDECLARED_SELECTOR = YES;
				GCC_WARN_UNINITIALIZED_AUTOS = YES_AGGRESSIVE;
				GCC_WARN_UNUSED_FUNCTION = YES;
				GCC_WARN_UNUSED_VARIABLE = YES;
				IPHONEOS_DEPLOYMENT_TARGET = 17.5;
				LOCALIZATION_PREFERS_STRING_CATALOGS = YES;
				MTL_ENABLE_DEBUG_INFO = NO;
				MTL_FAST_MATH = YES;
				SDKROOT = iphoneos;
				SWIFT_COMPILATION_MODE = wholemodule;
				VALIDATE_PRODUCT = YES;
			};
			name = Release;
		};
		60E214552C2DAFD20054FDD3 /* Debug */ = {
			isa = XCBuildConfiguration;
			buildSettings = {
				ASSETCATALOG_COMPILER_APPICON_NAME = AppIcon;
				ASSETCATALOG_COMPILER_GLOBAL_ACCENT_COLOR_NAME = AccentColor;
				CODE_SIGN_STYLE = Automatic;
				CURRENT_PROJECT_VERSION = 1;
				DEVELOPMENT_TEAM = 2XP9JWLHYD;
				GENERATE_INFOPLIST_FILE = YES;
				INFOPLIST_FILE = EasyBank/SupportingFiles/Info.plist;
				INFOPLIST_KEY_UIApplicationSupportsIndirectInputEvents = YES;
				INFOPLIST_KEY_UILaunchStoryboardName = LaunchScreen;
				INFOPLIST_KEY_UISupportedInterfaceOrientations = UIInterfaceOrientationPortrait;
				INFOPLIST_KEY_UISupportedInterfaceOrientations_iPad = "UIInterfaceOrientationLandscapeLeft UIInterfaceOrientationLandscapeRight UIInterfaceOrientationPortrait UIInterfaceOrientationPortraitUpsideDown";
				LD_RUNPATH_SEARCH_PATHS = (
					"$(inherited)",
					"@executable_path/Frameworks",
				);
				MARKETING_VERSION = 1.0;
				PRODUCT_BUNDLE_IDENTIFIER = com.papuashvilizuka.EasyBank;
				PRODUCT_NAME = "$(TARGET_NAME)";
				SWIFT_EMIT_LOC_STRINGS = YES;
				SWIFT_VERSION = 5.0;
				TARGETED_DEVICE_FAMILY = "1,2";
			};
			name = Debug;
		};
		60E214562C2DAFD20054FDD3 /* Release */ = {
			isa = XCBuildConfiguration;
			buildSettings = {
				ASSETCATALOG_COMPILER_APPICON_NAME = AppIcon;
				ASSETCATALOG_COMPILER_GLOBAL_ACCENT_COLOR_NAME = AccentColor;
				CODE_SIGN_STYLE = Automatic;
				CURRENT_PROJECT_VERSION = 1;
				DEVELOPMENT_TEAM = 2XP9JWLHYD;
				GENERATE_INFOPLIST_FILE = YES;
				INFOPLIST_FILE = EasyBank/SupportingFiles/Info.plist;
				INFOPLIST_KEY_UIApplicationSupportsIndirectInputEvents = YES;
				INFOPLIST_KEY_UILaunchStoryboardName = LaunchScreen;
				INFOPLIST_KEY_UISupportedInterfaceOrientations = UIInterfaceOrientationPortrait;
				INFOPLIST_KEY_UISupportedInterfaceOrientations_iPad = "UIInterfaceOrientationLandscapeLeft UIInterfaceOrientationLandscapeRight UIInterfaceOrientationPortrait UIInterfaceOrientationPortraitUpsideDown";
				LD_RUNPATH_SEARCH_PATHS = (
					"$(inherited)",
					"@executable_path/Frameworks",
				);
				MARKETING_VERSION = 1.0;
				PRODUCT_BUNDLE_IDENTIFIER = com.papuashvilizuka.EasyBank;
				PRODUCT_NAME = "$(TARGET_NAME)";
				SWIFT_EMIT_LOC_STRINGS = YES;
				SWIFT_VERSION = 5.0;
				TARGETED_DEVICE_FAMILY = "1,2";
			};
			name = Release;
		};
		7EBBE19E2D5950080015222B /* Debug */ = {
			isa = XCBuildConfiguration;
			buildSettings = {
				CODE_SIGN_STYLE = Automatic;
				CURRENT_PROJECT_VERSION = 1;
				GENERATE_INFOPLIST_FILE = YES;
				IPHONEOS_DEPLOYMENT_TARGET = 17.5;
				MARKETING_VERSION = 1.0;
				PRODUCT_BUNDLE_IDENTIFIER = Lasha.EasyBankUITests;
				PRODUCT_NAME = "$(TARGET_NAME)";
				SWIFT_EMIT_LOC_STRINGS = NO;
				SWIFT_VERSION = 5.0;
				TARGETED_DEVICE_FAMILY = "1,2";
				TEST_TARGET_NAME = EasyBank;
			};
			name = Debug;
		};
		7EBBE19F2D5950080015222B /* Release */ = {
			isa = XCBuildConfiguration;
			buildSettings = {
				CODE_SIGN_STYLE = Automatic;
				CURRENT_PROJECT_VERSION = 1;
				GENERATE_INFOPLIST_FILE = YES;
				IPHONEOS_DEPLOYMENT_TARGET = 17.5;
				MARKETING_VERSION = 1.0;
				PRODUCT_BUNDLE_IDENTIFIER = Lasha.EasyBankUITests;
				PRODUCT_NAME = "$(TARGET_NAME)";
				SWIFT_EMIT_LOC_STRINGS = NO;
				SWIFT_VERSION = 5.0;
				TARGETED_DEVICE_FAMILY = "1,2";
				TEST_TARGET_NAME = EasyBank;
			};
			name = Release;
		};
/* End XCBuildConfiguration section */

/* Begin XCConfigurationList section */
		60E2143B2C2DAFD10054FDD3 /* Build configuration list for PBXProject "EasyBank" */ = {
			isa = XCConfigurationList;
			buildConfigurations = (
				60E214522C2DAFD20054FDD3 /* Debug */,
				60E214532C2DAFD20054FDD3 /* Release */,
			);
			defaultConfigurationIsVisible = 0;
			defaultConfigurationName = Release;
		};
		60E214542C2DAFD20054FDD3 /* Build configuration list for PBXNativeTarget "EasyBank" */ = {
			isa = XCConfigurationList;
			buildConfigurations = (
				60E214552C2DAFD20054FDD3 /* Debug */,
				60E214562C2DAFD20054FDD3 /* Release */,
			);
			defaultConfigurationIsVisible = 0;
			defaultConfigurationName = Release;
		};
		7EBBE19D2D5950080015222B /* Build configuration list for PBXNativeTarget "EasyBankUITests" */ = {
			isa = XCConfigurationList;
			buildConfigurations = (
				7EBBE19E2D5950080015222B /* Debug */,
				7EBBE19F2D5950080015222B /* Release */,
			);
			defaultConfigurationIsVisible = 0;
			defaultConfigurationName = Release;
		};
/* End XCConfigurationList section */

/* Begin XCRemoteSwiftPackageReference section */
		60E2147D2C30D72C0054FDD3 /* XCRemoteSwiftPackageReference "SimpleNetworking" */ = {
			isa = XCRemoteSwiftPackageReference;
			repositoryURL = "https://github.com/papulik/SimpleNetworking.git";
			requirement = {
				branch = main;
				kind = branch;
			};
		};
		60E214852C3163B90054FDD3 /* XCRemoteSwiftPackageReference "firebase-ios-sdk" */ = {
			isa = XCRemoteSwiftPackageReference;
			repositoryURL = "https://github.com/firebase/firebase-ios-sdk";
			requirement = {
				kind = upToNextMajorVersion;
				minimumVersion = 10.28.1;
			};
		};
/* End XCRemoteSwiftPackageReference section */

/* Begin XCSwiftPackageProductDependency section */
		60E2147E2C30D72C0054FDD3 /* SimpleNetworking */ = {
			isa = XCSwiftPackageProductDependency;
			package = 60E2147D2C30D72C0054FDD3 /* XCRemoteSwiftPackageReference "SimpleNetworking" */;
			productName = SimpleNetworking;
		};
		60E214872C3166BD0054FDD3 /* FirebaseAuth */ = {
			isa = XCSwiftPackageProductDependency;
			package = 60E214852C3163B90054FDD3 /* XCRemoteSwiftPackageReference "firebase-ios-sdk" */;
			productName = FirebaseAuth;
		};
		60E214892C3166C50054FDD3 /* FirebaseFirestore */ = {
			isa = XCSwiftPackageProductDependency;
			package = 60E214852C3163B90054FDD3 /* XCRemoteSwiftPackageReference "firebase-ios-sdk" */;
			productName = FirebaseFirestore;
		};
		60E2148B2C3167100054FDD3 /* FirebaseAnalytics */ = {
			isa = XCSwiftPackageProductDependency;
			package = 60E214852C3163B90054FDD3 /* XCRemoteSwiftPackageReference "firebase-ios-sdk" */;
			productName = FirebaseAnalytics;
		};
/* End XCSwiftPackageProductDependency section */
	};
	rootObject = 60E214382C2DAFD10054FDD3 /* Project object */;
}
